
Microsoft Visual Studio Solution File, Format Version 12.00
# Visual Studio Version 17
VisualStudioVersion = 17.11.35327.3
MinimumVisualStudioVersion = 10.0.40219.1
Project("{FAE04EC0-301F-11D3-BF4B-00C04F79EFBC}") = "GicBackend", "GicBackend.csproj", "{AADCB02C-0C5E-4D71-ACE5-F3B3234313FE}"
EndProject
Global
	GlobalSection(SolutionConfigurationPlatforms) = preSolution
		Debug|Any CPU = Debug|Any CPU
		Release|Any CPU = Release|Any CPU
	EndGlobalSection
	GlobalSection(ProjectConfigurationPlatforms) = postSolution
		{AADCB02C-0C5E-4D71-ACE5-F3B3234313FE}.Debug|Any CPU.ActiveCfg = Debug|Any CPU
		{AADCB02C-0C5E-4D71-ACE5-F3B3234313FE}.Debug|Any CPU.Build.0 = Debug|Any CPU
		{AADCB02C-0C5E-4D71-ACE5-F3B3234313FE}.Release|Any CPU.ActiveCfg = Release|Any CPU
		{AADCB02C-0C5E-4D71-ACE5-F3B3234313FE}.Release|Any CPU.Build.0 = Release|Any CPU
	EndGlobalSection
	GlobalSection(SolutionProperties) = preSolution
		HideSolutionNode = FALSE
	EndGlobalSection
	GlobalSection(ExtensibilityGlobals) = postSolution
		SolutionGuid = {15AD4F88-656C-417B-B07F-86E3A21CCB5F}
	EndGlobalSection
EndGlobal
